// !$*UTF8*$!
{
	archiveVersion = 1;
	classes = {
	};
	objectVersion = 46;
	objects = {

/* Begin PBXBuildFile section */
		6333F46D18B7F7CF00DDC490 /* Foundation.framework in Frameworks */ = {isa = PBXBuildFile; fileRef = 6333F46C18B7F7CF00DDC490 /* Foundation.framework */; };
		6333F46F18B7F7CF00DDC490 /* CoreGraphics.framework in Frameworks */ = {isa = PBXBuildFile; fileRef = 6333F46E18B7F7CF00DDC490 /* CoreGraphics.framework */; };
		6333F47118B7F7CF00DDC490 /* UIKit.framework in Frameworks */ = {isa = PBXBuildFile; fileRef = 6333F47018B7F7CF00DDC490 /* UIKit.framework */; };
		6333F47718B7F7CF00DDC490 /* InfoPlist.strings in Resources */ = {isa = PBXBuildFile; fileRef = 6333F47518B7F7CF00DDC490 /* InfoPlist.strings */; };
		6333F47918B7F7CF00DDC490 /* main.m in Sources */ = {isa = PBXBuildFile; fileRef = 6333F47818B7F7CF00DDC490 /* main.m */; };
		6333F47D18B7F7CF00DDC490 /* ACAppDelegate.m in Sources */ = {isa = PBXBuildFile; fileRef = 6333F47C18B7F7CF00DDC490 /* ACAppDelegate.m */; };
		6333F48018B7F7CF00DDC490 /* Main_iPhone.storyboard in Resources */ = {isa = PBXBuildFile; fileRef = 6333F47E18B7F7CF00DDC490 /* Main_iPhone.storyboard */; };
		6333F48318B7F7CF00DDC490 /* Main_iPad.storyboard in Resources */ = {isa = PBXBuildFile; fileRef = 6333F48118B7F7CF00DDC490 /* Main_iPad.storyboard */; };
		6333F48618B7F7CF00DDC490 /* ACSummaryViewController.m in Sources */ = {isa = PBXBuildFile; fileRef = 6333F48518B7F7CF00DDC490 /* ACSummaryViewController.m */; };
		6333F48818B7F7CF00DDC490 /* Images.xcassets in Resources */ = {isa = PBXBuildFile; fileRef = 6333F48718B7F7CF00DDC490 /* Images.xcassets */; };
		6333F4A818B7FA0600DDC490 /* ACLoginController.m in Sources */ = {isa = PBXBuildFile; fileRef = 6333F4A618B7FA0600DDC490 /* ACLoginController.m */; };
		6333F4AC18B7FBC500DDC490 /* libz.dylib in Frameworks */ = {isa = PBXBuildFile; fileRef = 6333F4AB18B7FBC500DDC490 /* libz.dylib */; };
		6333F4AE18B7FBD200DDC490 /* QuartzCore.framework in Frameworks */ = {isa = PBXBuildFile; fileRef = 6333F4AD18B7FBD200DDC490 /* QuartzCore.framework */; };
		6333F4C218B8108100DDC490 /* Icon-512@2x.png in Resources */ = {isa = PBXBuildFile; fileRef = 6333F4B718B8108100DDC490 /* Icon-512@2x.png */; };
		6333F4C318B8108100DDC490 /* Icon-76.png in Resources */ = {isa = PBXBuildFile; fileRef = 6333F4B818B8108100DDC490 /* Icon-76.png */; };
		6333F4C418B8108100DDC490 /* Icon-76@2x.png in Resources */ = {isa = PBXBuildFile; fileRef = 6333F4B918B8108100DDC490 /* Icon-76@2x.png */; };
		6333F4CA18B8108100DDC490 /* Icon@2x.png in Resources */ = {isa = PBXBuildFile; fileRef = 6333F4BF18B8108100DDC490 /* Icon@2x.png */; };
		6333F4CF18B811E600DDC490 /* ACAlertView.m in Sources */ = {isa = PBXBuildFile; fileRef = 6333F4CE18B811E600DDC490 /* ACAlertView.m */; };
		633D394E18B8A1EA001EABFD /* LICENSE.txt in Resources */ = {isa = PBXBuildFile; fileRef = 633D394A18B8A1E9001EABFD /* LICENSE.txt */; };
		633D394F18B8A1EA001EABFD /* XYPieChart.m in Sources */ = {isa = PBXBuildFile; fileRef = 633D394D18B8A1EA001EABFD /* XYPieChart.m */; };
		633D395318B9A1AD001EABFD /* ACSlideViewController.m in Sources */ = {isa = PBXBuildFile; fileRef = 633D395218B9A1AD001EABFD /* ACSlideViewController.m */; };
		633D395718B9AEDE001EABFD /* ACSiteViewController.m in Sources */ = {isa = PBXBuildFile; fileRef = 633D395518B9AEDE001EABFD /* ACSiteViewController.m */; };
		633D395818B9AEDE001EABFD /* ACSiteViewController.xib in Resources */ = {isa = PBXBuildFile; fileRef = 633D395618B9AEDE001EABFD /* ACSiteViewController.xib */; };
		633D395A18B9BB7C001EABFD /* open-slide@2x.png in Resources */ = {isa = PBXBuildFile; fileRef = 633D395918B9BB7C001EABFD /* open-slide@2x.png */; };
		636449B718C40D0A0059B058 /* ACUserImageView.m in Sources */ = {isa = PBXBuildFile; fileRef = 636449B618C40D0A0059B058 /* ACUserImageView.m */; };
		636449BB18C551D90059B058 /* ACNotificationController.m in Sources */ = {isa = PBXBuildFile; fileRef = 636449BA18C551D90059B058 /* ACNotificationController.m */; };
		637954F518E79D6D0095530B /* ACSettingsViewController.m in Sources */ = {isa = PBXBuildFile; fileRef = 637954F418E79D6D0095530B /* ACSettingsViewController.m */; };
		637954F918E860200095530B /* ACCommentsViewController.m in Sources */ = {isa = PBXBuildFile; fileRef = 637954F818E860200095530B /* ACCommentsViewController.m */; };
		637954FD18E863500095530B /* ACCommentCell.m in Sources */ = {isa = PBXBuildFile; fileRef = 637954FC18E863500095530B /* ACCommentCell.m */; };
		637954FF18E863990095530B /* ACCommentCell.xib in Resources */ = {isa = PBXBuildFile; fileRef = 637954FE18E863990095530B /* ACCommentCell.xib */; };
		6379550118E8775C0095530B /* LICENSE in Resources */ = {isa = PBXBuildFile; fileRef = 6379550018E8775C0095530B /* LICENSE */; };
		63A3F54C18BA84CC00D159CF /* ACSiteSlideController.m in Sources */ = {isa = PBXBuildFile; fileRef = 63A3F54B18BA84CC00D159CF /* ACSiteSlideController.m */; };
		63A6AF4C18E8C3EA00493ACD /* libc++.dylib in Frameworks */ = {isa = PBXBuildFile; fileRef = 63A6AF3918E8C13500493ACD /* libc++.dylib */; };
		63A6AF4D18E8C3EA00493ACD /* libBypass.a in Frameworks */ = {isa = PBXBuildFile; fileRef = 63A144BA18E8BEF7009F7BFF /* libBypass.a */; };
		63C5175318BADA9C006420A4 /* ACQuestionCell.m in Sources */ = {isa = PBXBuildFile; fileRef = 63C5175218BADA9C006420A4 /* ACQuestionCell.m */; };
		63C5175518BADAAA006420A4 /* ACQuestionCell.xib in Resources */ = {isa = PBXBuildFile; fileRef = 63C5175418BADAAA006420A4 /* ACQuestionCell.xib */; };
		63C5175918BB0D77006420A4 /* ACQuestionViewController.m in Sources */ = {isa = PBXBuildFile; fileRef = 63C5175718BB0D77006420A4 /* ACQuestionViewController.m */; };
		63C5175D18BB100F006420A4 /* ACQuestionDetailCell.m in Sources */ = {isa = PBXBuildFile; fileRef = 63C5175C18BB100F006420A4 /* ACQuestionDetailCell.m */; };
		63C5175F18BB1023006420A4 /* ACQuestionDetailCell.xib in Resources */ = {isa = PBXBuildFile; fileRef = 63C5175E18BB1023006420A4 /* ACQuestionDetailCell.xib */; };
		63C5177E18BBEFDF006420A4 /* ACTagView.m in Sources */ = {isa = PBXBuildFile; fileRef = 63C5177D18BBEFDF006420A4 /* ACTagView.m */; };
		63C5178318BC1BAA006420A4 /* downvote-selected@2x.png in Resources */ = {isa = PBXBuildFile; fileRef = 63C5177F18BC1BAA006420A4 /* downvote-selected@2x.png */; };
		63C5178418BC1BAA006420A4 /* downvote@2x.png in Resources */ = {isa = PBXBuildFile; fileRef = 63C5178018BC1BAA006420A4 /* downvote@2x.png */; };
		63C5178518BC1BAA006420A4 /* upvote-selected@2x.png in Resources */ = {isa = PBXBuildFile; fileRef = 63C5178118BC1BAA006420A4 /* upvote-selected@2x.png */; };
		63C5178618BC1BAA006420A4 /* upvote@2x.png in Resources */ = {isa = PBXBuildFile; fileRef = 63C5178218BC1BAA006420A4 /* upvote@2x.png */; };
		63C5178918BC2DFE006420A4 /* ACInboxController.m in Sources */ = {isa = PBXBuildFile; fileRef = 63C5178818BC2DFE006420A4 /* ACInboxController.m */; };
		63C5178C18BC30A3006420A4 /* ACInboxCell.m in Sources */ = {isa = PBXBuildFile; fileRef = 63C5178B18BC30A3006420A4 /* ACInboxCell.m */; };
		63C5178E18BC30B4006420A4 /* ACInboxCell.xib in Resources */ = {isa = PBXBuildFile; fileRef = 63C5178D18BC30B4006420A4 /* ACInboxCell.xib */; };
		63C5179218BD7B31006420A4 /* ACAnswerCell.m in Sources */ = {isa = PBXBuildFile; fileRef = 63C5179118BD7B31006420A4 /* ACAnswerCell.m */; };
		63C5179418BD7B3E006420A4 /* ACAnswerCell.xib in Resources */ = {isa = PBXBuildFile; fileRef = 63C5179318BD7B3E006420A4 /* ACAnswerCell.xib */; };
		63C5179718BD7FD2006420A4 /* ACAnswersViewController.m in Sources */ = {isa = PBXBuildFile; fileRef = 63C5179618BD7FD2006420A4 /* ACAnswersViewController.m */; };
/* End PBXBuildFile section */

/* Begin PBXFileReference section */
		6333F46918B7F7CF00DDC490 /* Stex.app */ = {isa = PBXFileReference; explicitFileType = wrapper.application; includeInIndex = 0; path = Stex.app; sourceTree = BUILT_PRODUCTS_DIR; };
		6333F46C18B7F7CF00DDC490 /* Foundation.framework */ = {isa = PBXFileReference; lastKnownFileType = wrapper.framework; name = Foundation.framework; path = System/Library/Frameworks/Foundation.framework; sourceTree = SDKROOT; };
		6333F46E18B7F7CF00DDC490 /* CoreGraphics.framework */ = {isa = PBXFileReference; lastKnownFileType = wrapper.framework; name = CoreGraphics.framework; path = System/Library/Frameworks/CoreGraphics.framework; sourceTree = SDKROOT; };
		6333F47018B7F7CF00DDC490 /* UIKit.framework */ = {isa = PBXFileReference; lastKnownFileType = wrapper.framework; name = UIKit.framework; path = System/Library/Frameworks/UIKit.framework; sourceTree = SDKROOT; };
		6333F47418B7F7CF00DDC490 /* Stex-Info.plist */ = {isa = PBXFileReference; lastKnownFileType = text.plist.xml; path = "Stex-Info.plist"; sourceTree = "<group>"; };
		6333F47618B7F7CF00DDC490 /* en */ = {isa = PBXFileReference; lastKnownFileType = text.plist.strings; name = en; path = en.lproj/InfoPlist.strings; sourceTree = "<group>"; };
		6333F47818B7F7CF00DDC490 /* main.m */ = {isa = PBXFileReference; lastKnownFileType = sourcecode.c.objc; path = main.m; sourceTree = "<group>"; usesTabs = 0; };
		6333F47A18B7F7CF00DDC490 /* Stex-Prefix.pch */ = {isa = PBXFileReference; lastKnownFileType = sourcecode.c.h; path = "Stex-Prefix.pch"; sourceTree = "<group>"; };
		6333F47B18B7F7CF00DDC490 /* ACAppDelegate.h */ = {isa = PBXFileReference; lastKnownFileType = sourcecode.c.h; path = ACAppDelegate.h; sourceTree = "<group>"; };
		6333F47C18B7F7CF00DDC490 /* ACAppDelegate.m */ = {isa = PBXFileReference; lastKnownFileType = sourcecode.c.objc; path = ACAppDelegate.m; sourceTree = "<group>"; };
		6333F47F18B7F7CF00DDC490 /* Base */ = {isa = PBXFileReference; lastKnownFileType = file.storyboard; name = Base; path = Base.lproj/Main_iPhone.storyboard; sourceTree = "<group>"; };
		6333F48218B7F7CF00DDC490 /* Base */ = {isa = PBXFileReference; lastKnownFileType = file.storyboard; name = Base; path = Base.lproj/Main_iPad.storyboard; sourceTree = "<group>"; };
		6333F48418B7F7CF00DDC490 /* ACSummaryViewController.h */ = {isa = PBXFileReference; lastKnownFileType = sourcecode.c.h; path = ACSummaryViewController.h; sourceTree = "<group>"; };
		6333F48518B7F7CF00DDC490 /* ACSummaryViewController.m */ = {isa = PBXFileReference; lastKnownFileType = sourcecode.c.objc; path = ACSummaryViewController.m; sourceTree = "<group>"; };
		6333F48718B7F7CF00DDC490 /* Images.xcassets */ = {isa = PBXFileReference; lastKnownFileType = folder.assetcatalog; path = Images.xcassets; sourceTree = "<group>"; };
		6333F48E18B7F7CF00DDC490 /* XCTest.framework */ = {isa = PBXFileReference; lastKnownFileType = wrapper.framework; name = XCTest.framework; path = Library/Frameworks/XCTest.framework; sourceTree = DEVELOPER_DIR; };
		6333F4A418B7F97200DDC490 /* README.md */ = {isa = PBXFileReference; lastKnownFileType = text; path = README.md; sourceTree = "<group>"; };
		6333F4A518B7FA0600DDC490 /* ACLoginController.h */ = {isa = PBXFileReference; fileEncoding = 4; lastKnownFileType = sourcecode.c.h; path = ACLoginController.h; sourceTree = "<group>"; };
		6333F4A618B7FA0600DDC490 /* ACLoginController.m */ = {isa = PBXFileReference; fileEncoding = 4; lastKnownFileType = sourcecode.c.objc; path = ACLoginController.m; sourceTree = "<group>"; };
		6333F4AB18B7FBC500DDC490 /* libz.dylib */ = {isa = PBXFileReference; lastKnownFileType = "compiled.mach-o.dylib"; name = libz.dylib; path = usr/lib/libz.dylib; sourceTree = SDKROOT; };
		6333F4AD18B7FBD200DDC490 /* QuartzCore.framework */ = {isa = PBXFileReference; lastKnownFileType = wrapper.framework; name = QuartzCore.framework; path = System/Library/Frameworks/QuartzCore.framework; sourceTree = SDKROOT; };
		6333F4B718B8108100DDC490 /* Icon-512@2x.png */ = {isa = PBXFileReference; lastKnownFileType = image.png; path = "Icon-512@2x.png"; sourceTree = "<group>"; };
		6333F4B818B8108100DDC490 /* Icon-76.png */ = {isa = PBXFileReference; lastKnownFileType = image.png; path = "Icon-76.png"; sourceTree = "<group>"; };
		6333F4B918B8108100DDC490 /* Icon-76@2x.png */ = {isa = PBXFileReference; lastKnownFileType = image.png; path = "Icon-76@2x.png"; sourceTree = "<group>"; };
		6333F4BF18B8108100DDC490 /* Icon@2x.png */ = {isa = PBXFileReference; lastKnownFileType = image.png; path = "Icon@2x.png"; sourceTree = "<group>"; };
		6333F4CD18B811E600DDC490 /* ACAlertView.h */ = {isa = PBXFileReference; fileEncoding = 4; lastKnownFileType = sourcecode.c.h; path = ACAlertView.h; sourceTree = "<group>"; };
		6333F4CE18B811E600DDC490 /* ACAlertView.m */ = {isa = PBXFileReference; fileEncoding = 4; lastKnownFileType = sourcecode.c.objc; path = ACAlertView.m; sourceTree = "<group>"; };
		633D394A18B8A1E9001EABFD /* LICENSE.txt */ = {isa = PBXFileReference; fileEncoding = 4; lastKnownFileType = text; path = LICENSE.txt; sourceTree = "<group>"; };
		633D394C18B8A1EA001EABFD /* XYPieChart.h */ = {isa = PBXFileReference; fileEncoding = 4; lastKnownFileType = sourcecode.c.h; path = XYPieChart.h; sourceTree = "<group>"; };
		633D394D18B8A1EA001EABFD /* XYPieChart.m */ = {isa = PBXFileReference; fileEncoding = 4; lastKnownFileType = sourcecode.c.objc; path = XYPieChart.m; sourceTree = "<group>"; };
		633D395118B9A1AD001EABFD /* ACSlideViewController.h */ = {isa = PBXFileReference; fileEncoding = 4; lastKnownFileType = sourcecode.c.h; path = ACSlideViewController.h; sourceTree = "<group>"; };
		633D395218B9A1AD001EABFD /* ACSlideViewController.m */ = {isa = PBXFileReference; fileEncoding = 4; lastKnownFileType = sourcecode.c.objc; path = ACSlideViewController.m; sourceTree = "<group>"; };
		633D395418B9AEDE001EABFD /* ACSiteViewController.h */ = {isa = PBXFileReference; fileEncoding = 4; lastKnownFileType = sourcecode.c.h; path = ACSiteViewController.h; sourceTree = "<group>"; };
		633D395518B9AEDE001EABFD /* ACSiteViewController.m */ = {isa = PBXFileReference; fileEncoding = 4; lastKnownFileType = sourcecode.c.objc; path = ACSiteViewController.m; sourceTree = "<group>"; };
		633D395618B9AEDE001EABFD /* ACSiteViewController.xib */ = {isa = PBXFileReference; fileEncoding = 4; lastKnownFileType = file.xib; path = ACSiteViewController.xib; sourceTree = "<group>"; };
		633D395918B9BB7C001EABFD /* open-slide@2x.png */ = {isa = PBXFileReference; lastKnownFileType = image.png; path = "open-slide@2x.png"; sourceTree = "<group>"; };
		636449B518C40D0A0059B058 /* ACUserImageView.h */ = {isa = PBXFileReference; fileEncoding = 4; lastKnownFileType = sourcecode.c.h; path = ACUserImageView.h; sourceTree = "<group>"; };
		636449B618C40D0A0059B058 /* ACUserImageView.m */ = {isa = PBXFileReference; fileEncoding = 4; lastKnownFileType = sourcecode.c.objc; path = ACUserImageView.m; sourceTree = "<group>"; };
		636449B918C551D90059B058 /* ACNotificationController.h */ = {isa = PBXFileReference; fileEncoding = 4; lastKnownFileType = sourcecode.c.h; path = ACNotificationController.h; sourceTree = "<group>"; };
		636449BA18C551D90059B058 /* ACNotificationController.m */ = {isa = PBXFileReference; fileEncoding = 4; lastKnownFileType = sourcecode.c.objc; path = ACNotificationController.m; sourceTree = "<group>"; };
		637954F318E79D6D0095530B /* ACSettingsViewController.h */ = {isa = PBXFileReference; fileEncoding = 4; lastKnownFileType = sourcecode.c.h; path = ACSettingsViewController.h; sourceTree = "<group>"; };
		637954F418E79D6D0095530B /* ACSettingsViewController.m */ = {isa = PBXFileReference; fileEncoding = 4; lastKnownFileType = sourcecode.c.objc; path = ACSettingsViewController.m; sourceTree = "<group>"; };
		637954F718E860200095530B /* ACCommentsViewController.h */ = {isa = PBXFileReference; fileEncoding = 4; lastKnownFileType = sourcecode.c.h; path = ACCommentsViewController.h; sourceTree = "<group>"; };
		637954F818E860200095530B /* ACCommentsViewController.m */ = {isa = PBXFileReference; fileEncoding = 4; lastKnownFileType = sourcecode.c.objc; path = ACCommentsViewController.m; sourceTree = "<group>"; };
		637954FB18E863500095530B /* ACCommentCell.h */ = {isa = PBXFileReference; fileEncoding = 4; lastKnownFileType = sourcecode.c.h; path = ACCommentCell.h; sourceTree = "<group>"; };
		637954FC18E863500095530B /* ACCommentCell.m */ = {isa = PBXFileReference; fileEncoding = 4; lastKnownFileType = sourcecode.c.objc; path = ACCommentCell.m; sourceTree = "<group>"; };
		637954FE18E863990095530B /* ACCommentCell.xib */ = {isa = PBXFileReference; fileEncoding = 4; lastKnownFileType = file.xib; path = ACCommentCell.xib; sourceTree = "<group>"; };
		6379550018E8775C0095530B /* LICENSE */ = {isa = PBXFileReference; fileEncoding = 4; lastKnownFileType = text; path = LICENSE; sourceTree = "<group>"; };
		63A144BA18E8BEF7009F7BFF /* libBypass.a */ = {isa = PBXFileReference; lastKnownFileType = archive.ar; path = libBypass.a; sourceTree = "<group>"; };
		63A3F54A18BA84CC00D159CF /* ACSiteSlideController.h */ = {isa = PBXFileReference; fileEncoding = 4; lastKnownFileType = sourcecode.c.h; path = ACSiteSlideController.h; sourceTree = "<group>"; };
		63A3F54B18BA84CC00D159CF /* ACSiteSlideController.m */ = {isa = PBXFileReference; fileEncoding = 4; lastKnownFileType = sourcecode.c.objc; path = ACSiteSlideController.m; sourceTree = "<group>"; };
		63A6AF2618E8BFB100493ACD /* CoreText.framework */ = {isa = PBXFileReference; lastKnownFileType = wrapper.framework; name = CoreText.framework; path = System/Library/Frameworks/CoreText.framework; sourceTree = SDKROOT; };
		63A6AF3918E8C13500493ACD /* libc++.dylib */ = {isa = PBXFileReference; lastKnownFileType = "compiled.mach-o.dylib"; name = "libc++.dylib"; path = "usr/lib/libc++.dylib"; sourceTree = SDKROOT; };
		63A6AF3B18E8C3A400493ACD /* array.h */ = {isa = PBXFileReference; fileEncoding = 4; lastKnownFileType = sourcecode.c.h; path = array.h; sourceTree = "<group>"; };
		63A6AF3C18E8C3A400493ACD /* BPAttributedStringConverter.h */ = {isa = PBXFileReference; fileEncoding = 4; lastKnownFileType = sourcecode.c.h; path = BPAttributedStringConverter.h; sourceTree = "<group>"; };
		63A6AF3D18E8C3A400493ACD /* BPDisplaySettings.h */ = {isa = PBXFileReference; fileEncoding = 4; lastKnownFileType = sourcecode.c.h; path = BPDisplaySettings.h; sourceTree = "<group>"; };
		63A6AF3E18E8C3A400493ACD /* BPDocument.h */ = {isa = PBXFileReference; fileEncoding = 4; lastKnownFileType = sourcecode.c.h; path = BPDocument.h; sourceTree = "<group>"; };
		63A6AF3F18E8C3A400493ACD /* BPDocumentPrivate.h */ = {isa = PBXFileReference; fileEncoding = 4; lastKnownFileType = sourcecode.c.h; path = BPDocumentPrivate.h; sourceTree = "<group>"; };
		63A6AF4018E8C3A400493ACD /* BPElement.h */ = {isa = PBXFileReference; fileEncoding = 4; lastKnownFileType = sourcecode.c.h; path = BPElement.h; sourceTree = "<group>"; };
		63A6AF4118E8C3A400493ACD /* BPElementPrivate.h */ = {isa = PBXFileReference; fileEncoding = 4; lastKnownFileType = sourcecode.c.h; path = BPElementPrivate.h; sourceTree = "<group>"; };
		63A6AF4218E8C3A400493ACD /* BPMarkdownPageView.h */ = {isa = PBXFileReference; fileEncoding = 4; lastKnownFileType = sourcecode.c.h; path = BPMarkdownPageView.h; sourceTree = "<group>"; };
		63A6AF4318E8C3A400493ACD /* BPMarkdownView.h */ = {isa = PBXFileReference; fileEncoding = 4; lastKnownFileType = sourcecode.c.h; path = BPMarkdownView.h; sourceTree = "<group>"; };
		63A6AF4418E8C3A400493ACD /* BPParser.h */ = {isa = PBXFileReference; fileEncoding = 4; lastKnownFileType = sourcecode.c.h; path = BPParser.h; sourceTree = "<group>"; };
		63A6AF4518E8C3A400493ACD /* buffer.h */ = {isa = PBXFileReference; fileEncoding = 4; lastKnownFileType = sourcecode.c.h; path = buffer.h; sourceTree = "<group>"; };
		63A6AF4618E8C3A400493ACD /* Bypass.h */ = {isa = PBXFileReference; fileEncoding = 4; lastKnownFileType = sourcecode.c.h; path = Bypass.h; sourceTree = "<group>"; };
		63A6AF4718E8C3A400493ACD /* document.h */ = {isa = PBXFileReference; fileEncoding = 4; lastKnownFileType = sourcecode.c.h; path = document.h; sourceTree = "<group>"; };
		63A6AF4818E8C3A400493ACD /* element.h */ = {isa = PBXFileReference; fileEncoding = 4; lastKnownFileType = sourcecode.c.h; path = element.h; sourceTree = "<group>"; };
		63A6AF4918E8C3A400493ACD /* markdown.h */ = {isa = PBXFileReference; fileEncoding = 4; lastKnownFileType = sourcecode.c.h; path = markdown.h; sourceTree = "<group>"; };
		63A6AF4A18E8C3A400493ACD /* parser.h */ = {isa = PBXFileReference; fileEncoding = 4; lastKnownFileType = sourcecode.c.h; path = parser.h; sourceTree = "<group>"; };
		63C5175118BADA9C006420A4 /* ACQuestionCell.h */ = {isa = PBXFileReference; fileEncoding = 4; lastKnownFileType = sourcecode.c.h; path = ACQuestionCell.h; sourceTree = "<group>"; };
		63C5175218BADA9C006420A4 /* ACQuestionCell.m */ = {isa = PBXFileReference; fileEncoding = 4; lastKnownFileType = sourcecode.c.objc; path = ACQuestionCell.m; sourceTree = "<group>"; };
		63C5175418BADAAA006420A4 /* ACQuestionCell.xib */ = {isa = PBXFileReference; fileEncoding = 4; lastKnownFileType = file.xib; path = ACQuestionCell.xib; sourceTree = "<group>"; };
		63C5175618BB0D77006420A4 /* ACQuestionViewController.h */ = {isa = PBXFileReference; fileEncoding = 4; lastKnownFileType = sourcecode.c.h; path = ACQuestionViewController.h; sourceTree = "<group>"; };
		63C5175718BB0D77006420A4 /* ACQuestionViewController.m */ = {isa = PBXFileReference; fileEncoding = 4; lastKnownFileType = sourcecode.c.objc; path = ACQuestionViewController.m; sourceTree = "<group>"; };
		63C5175B18BB100F006420A4 /* ACQuestionDetailCell.h */ = {isa = PBXFileReference; fileEncoding = 4; lastKnownFileType = sourcecode.c.h; path = ACQuestionDetailCell.h; sourceTree = "<group>"; };
		63C5175C18BB100F006420A4 /* ACQuestionDetailCell.m */ = {isa = PBXFileReference; fileEncoding = 4; lastKnownFileType = sourcecode.c.objc; path = ACQuestionDetailCell.m; sourceTree = "<group>"; };
		63C5175E18BB1023006420A4 /* ACQuestionDetailCell.xib */ = {isa = PBXFileReference; fileEncoding = 4; lastKnownFileType = file.xib; path = ACQuestionDetailCell.xib; sourceTree = "<group>"; };
		63C5177C18BBEFDF006420A4 /* ACTagView.h */ = {isa = PBXFileReference; fileEncoding = 4; lastKnownFileType = sourcecode.c.h; path = ACTagView.h; sourceTree = "<group>"; };
		63C5177D18BBEFDF006420A4 /* ACTagView.m */ = {isa = PBXFileReference; fileEncoding = 4; lastKnownFileType = sourcecode.c.objc; path = ACTagView.m; sourceTree = "<group>"; };
		63C5177F18BC1BAA006420A4 /* downvote-selected@2x.png */ = {isa = PBXFileReference; lastKnownFileType = image.png; path = "downvote-selected@2x.png"; sourceTree = "<group>"; };
		63C5178018BC1BAA006420A4 /* downvote@2x.png */ = {isa = PBXFileReference; lastKnownFileType = image.png; path = "downvote@2x.png"; sourceTree = "<group>"; };
		63C5178118BC1BAA006420A4 /* upvote-selected@2x.png */ = {isa = PBXFileReference; lastKnownFileType = image.png; path = "upvote-selected@2x.png"; sourceTree = "<group>"; };
		63C5178218BC1BAA006420A4 /* upvote@2x.png */ = {isa = PBXFileReference; lastKnownFileType = image.png; path = "upvote@2x.png"; sourceTree = "<group>"; };
		63C5178718BC2DFE006420A4 /* ACInboxController.h */ = {isa = PBXFileReference; fileEncoding = 4; lastKnownFileType = sourcecode.c.h; path = ACInboxController.h; sourceTree = "<group>"; };
		63C5178818BC2DFE006420A4 /* ACInboxController.m */ = {isa = PBXFileReference; fileEncoding = 4; lastKnownFileType = sourcecode.c.objc; path = ACInboxController.m; sourceTree = "<group>"; };
		63C5178A18BC30A3006420A4 /* ACInboxCell.h */ = {isa = PBXFileReference; fileEncoding = 4; lastKnownFileType = sourcecode.c.h; path = ACInboxCell.h; sourceTree = "<group>"; };
		63C5178B18BC30A3006420A4 /* ACInboxCell.m */ = {isa = PBXFileReference; fileEncoding = 4; lastKnownFileType = sourcecode.c.objc; path = ACInboxCell.m; sourceTree = "<group>"; };
		63C5178D18BC30B4006420A4 /* ACInboxCell.xib */ = {isa = PBXFileReference; fileEncoding = 4; lastKnownFileType = file.xib; path = ACInboxCell.xib; sourceTree = "<group>"; };
		63C5179018BD7B31006420A4 /* ACAnswerCell.h */ = {isa = PBXFileReference; fileEncoding = 4; lastKnownFileType = sourcecode.c.h; path = ACAnswerCell.h; sourceTree = "<group>"; };
		63C5179118BD7B31006420A4 /* ACAnswerCell.m */ = {isa = PBXFileReference; fileEncoding = 4; lastKnownFileType = sourcecode.c.objc; path = ACAnswerCell.m; sourceTree = "<group>"; };
		63C5179318BD7B3E006420A4 /* ACAnswerCell.xib */ = {isa = PBXFileReference; fileEncoding = 4; lastKnownFileType = file.xib; path = ACAnswerCell.xib; sourceTree = "<group>"; };
		63C5179518BD7FD2006420A4 /* ACAnswersViewController.h */ = {isa = PBXFileReference; fileEncoding = 4; lastKnownFileType = sourcecode.c.h; path = ACAnswersViewController.h; sourceTree = "<group>"; };
		63C5179618BD7FD2006420A4 /* ACAnswersViewController.m */ = {isa = PBXFileReference; fileEncoding = 4; lastKnownFileType = sourcecode.c.objc; path = ACAnswersViewController.m; sourceTree = "<group>"; };
/* End PBXFileReference section */

/* Begin PBXFrameworksBuildPhase section */
		6333F46618B7F7CF00DDC490 /* Frameworks */ = {
			isa = PBXFrameworksBuildPhase;
			buildActionMask = 2147483647;
			files = (
				6333F4AE18B7FBD200DDC490 /* QuartzCore.framework in Frameworks */,
				6333F4AC18B7FBC500DDC490 /* libz.dylib in Frameworks */,
				63A6AF4D18E8C3EA00493ACD /* libBypass.a in Frameworks */,
				6333F46F18B7F7CF00DDC490 /* CoreGraphics.framework in Frameworks */,
				6333F47118B7F7CF00DDC490 /* UIKit.framework in Frameworks */,
				63A6AF4C18E8C3EA00493ACD /* libc++.dylib in Frameworks */,
				6333F46D18B7F7CF00DDC490 /* Foundation.framework in Frameworks */,
			);
			runOnlyForDeploymentPostprocessing = 0;
		};
/* End PBXFrameworksBuildPhase section */

/* Begin PBXGroup section */
		6333F46018B7F7CF00DDC490 = {
			isa = PBXGroup;
			children = (
				6333F4B618B8108100DDC490 /* Icons */,
				6379550018E8775C0095530B /* LICENSE */,
				6333F4A418B7F97200DDC490 /* README.md */,
				6333F47218B7F7CF00DDC490 /* Stex */,
				6333F46B18B7F7CF00DDC490 /* Frameworks */,
				6333F46A18B7F7CF00DDC490 /* Products */,
			);
			sourceTree = "<group>";
		};
		6333F46A18B7F7CF00DDC490 /* Products */ = {
			isa = PBXGroup;
			children = (
				6333F46918B7F7CF00DDC490 /* Stex.app */,
			);
			name = Products;
			sourceTree = "<group>";
		};
		6333F46B18B7F7CF00DDC490 /* Frameworks */ = {
			isa = PBXGroup;
			children = (
				63A6AF3918E8C13500493ACD /* libc++.dylib */,
				63A6AF2618E8BFB100493ACD /* CoreText.framework */,
				63A144BA18E8BEF7009F7BFF /* libBypass.a */,
				6333F4AD18B7FBD200DDC490 /* QuartzCore.framework */,
				6333F4AB18B7FBC500DDC490 /* libz.dylib */,
				6333F46C18B7F7CF00DDC490 /* Foundation.framework */,
				6333F46E18B7F7CF00DDC490 /* CoreGraphics.framework */,
				6333F47018B7F7CF00DDC490 /* UIKit.framework */,
				6333F48E18B7F7CF00DDC490 /* XCTest.framework */,
			);
			name = Frameworks;
			sourceTree = "<group>";
		};
		6333F47218B7F7CF00DDC490 /* Stex */ = {
			isa = PBXGroup;
			children = (
				63A6AF4B18E8C3AA00493ACD /* Bypass (markdown) */,
				633D395018B8A1EE001EABFD /* Pie Chart */,
				6333F4CD18B811E600DDC490 /* ACAlertView.h */,
				6333F4CE18B811E600DDC490 /* ACAlertView.m */,
				6333F47B18B7F7CF00DDC490 /* ACAppDelegate.h */,
				6333F47C18B7F7CF00DDC490 /* ACAppDelegate.m */,
				6333F47E18B7F7CF00DDC490 /* Main_iPhone.storyboard */,
				6333F48118B7F7CF00DDC490 /* Main_iPad.storyboard */,
				6333F48418B7F7CF00DDC490 /* ACSummaryViewController.h */,
				6333F48518B7F7CF00DDC490 /* ACSummaryViewController.m */,
				633D395918B9BB7C001EABFD /* open-slide@2x.png */,
				633D395118B9A1AD001EABFD /* ACSlideViewController.h */,
				633D395218B9A1AD001EABFD /* ACSlideViewController.m */,
				636449B518C40D0A0059B058 /* ACUserImageView.h */,
				636449B618C40D0A0059B058 /* ACUserImageView.m */,
				6333F4AA18B7FA0C00DDC490 /* Login Controller */,
				637954F618E79D710095530B /* Settings Controller */,
				636449B818C551C00059B058 /* Notification Controller */,
				63C5178F18BC30BA006420A4 /* Inbox Controller */,
				63A3F54D18BA84D300D159CF /* Site Controllers */,
				6333F48718B7F7CF00DDC490 /* Images.xcassets */,
				6333F47318B7F7CF00DDC490 /* Supporting Files */,
			);
			path = Stex;
			sourceTree = "<group>";
		};
		6333F47318B7F7CF00DDC490 /* Supporting Files */ = {
			isa = PBXGroup;
			children = (
				6333F47418B7F7CF00DDC490 /* Stex-Info.plist */,
				6333F47518B7F7CF00DDC490 /* InfoPlist.strings */,
				6333F47818B7F7CF00DDC490 /* main.m */,
				6333F47A18B7F7CF00DDC490 /* Stex-Prefix.pch */,
			);
			name = "Supporting Files";
			sourceTree = "<group>";
		};
		6333F4AA18B7FA0C00DDC490 /* Login Controller */ = {
			isa = PBXGroup;
			children = (
				6333F4A518B7FA0600DDC490 /* ACLoginController.h */,
				6333F4A618B7FA0600DDC490 /* ACLoginController.m */,
			);
			name = "Login Controller";
			sourceTree = "<group>";
		};
		6333F4B618B8108100DDC490 /* Icons */ = {
			isa = PBXGroup;
			children = (
				6333F4B718B8108100DDC490 /* Icon-512@2x.png */,
				6333F4B818B8108100DDC490 /* Icon-76.png */,
				6333F4B918B8108100DDC490 /* Icon-76@2x.png */,
				6333F4BF18B8108100DDC490 /* Icon@2x.png */,
			);
			path = Icons;
			sourceTree = "<group>";
		};
		633D394B18B8A1EA001EABFD /* XYPieChart */ = {
			isa = PBXGroup;
			children = (
				633D394C18B8A1EA001EABFD /* XYPieChart.h */,
				633D394D18B8A1EA001EABFD /* XYPieChart.m */,
			);
			path = XYPieChart;
			sourceTree = "<group>";
		};
		633D395018B8A1EE001EABFD /* Pie Chart */ = {
			isa = PBXGroup;
			children = (
				633D394A18B8A1E9001EABFD /* LICENSE.txt */,
				633D394B18B8A1EA001EABFD /* XYPieChart */,
			);
			name = "Pie Chart";
			sourceTree = "<group>";
		};
		636449B818C551C00059B058 /* Notification Controller */ = {
			isa = PBXGroup;
			children = (
				636449B918C551D90059B058 /* ACNotificationController.h */,
				636449BA18C551D90059B058 /* ACNotificationController.m */,
			);
			name = "Notification Controller";
			sourceTree = "<group>";
		};
		637954F618E79D710095530B /* Settings Controller */ = {
			isa = PBXGroup;
			children = (
				637954F318E79D6D0095530B /* ACSettingsViewController.h */,
				637954F418E79D6D0095530B /* ACSettingsViewController.m */,
			);
			name = "Settings Controller";
			sourceTree = "<group>";
		};
		637954FA18E861FC0095530B /* Comments */ = {
			isa = PBXGroup;
			children = (
				637954F718E860200095530B /* ACCommentsViewController.h */,
				637954F818E860200095530B /* ACCommentsViewController.m */,
				637954FB18E863500095530B /* ACCommentCell.h */,
				637954FC18E863500095530B /* ACCommentCell.m */,
				637954FE18E863990095530B /* ACCommentCell.xib */,
			);
			name = Comments;
			sourceTree = "<group>";
		};
		63A3F54D18BA84D300D159CF /* Site Controllers */ = {
			isa = PBXGroup;
			children = (
				63A3F54A18BA84CC00D159CF /* ACSiteSlideController.h */,
				63A3F54B18BA84CC00D159CF /* ACSiteSlideController.m */,
				63C5177C18BBEFDF006420A4 /* ACTagView.h */,
				63C5177D18BBEFDF006420A4 /* ACTagView.m */,
				63C5177B18BBEFB4006420A4 /* Question Cells */,
				637954FA18E861FC0095530B /* Comments */,
				63C5175618BB0D77006420A4 /* ACQuestionViewController.h */,
				63C5175718BB0D77006420A4 /* ACQuestionViewController.m */,
				63C5179518BD7FD2006420A4 /* ACAnswersViewController.h */,
				63C5179618BD7FD2006420A4 /* ACAnswersViewController.m */,
				633D395418B9AEDE001EABFD /* ACSiteViewController.h */,
				633D395518B9AEDE001EABFD /* ACSiteViewController.m */,
				633D395618B9AEDE001EABFD /* ACSiteViewController.xib */,
			);
			name = "Site Controllers";
			sourceTree = "<group>";
		};
		63A6AF4B18E8C3AA00493ACD /* Bypass (markdown) */ = {
			isa = PBXGroup;
			children = (
				63A6AF3B18E8C3A400493ACD /* array.h */,
				63A6AF3C18E8C3A400493ACD /* BPAttributedStringConverter.h */,
				63A6AF3D18E8C3A400493ACD /* BPDisplaySettings.h */,
				63A6AF3E18E8C3A400493ACD /* BPDocument.h */,
				63A6AF3F18E8C3A400493ACD /* BPDocumentPrivate.h */,
				63A6AF4018E8C3A400493ACD /* BPElement.h */,
				63A6AF4118E8C3A400493ACD /* BPElementPrivate.h */,
				63A6AF4218E8C3A400493ACD /* BPMarkdownPageView.h */,
				63A6AF4318E8C3A400493ACD /* BPMarkdownView.h */,
				63A6AF4418E8C3A400493ACD /* BPParser.h */,
				63A6AF4518E8C3A400493ACD /* buffer.h */,
				63A6AF4618E8C3A400493ACD /* Bypass.h */,
				63A6AF4718E8C3A400493ACD /* document.h */,
				63A6AF4818E8C3A400493ACD /* element.h */,
				63A6AF4918E8C3A400493ACD /* markdown.h */,
				63A6AF4A18E8C3A400493ACD /* parser.h */,
			);
			name = "Bypass (markdown)";
			sourceTree = "<group>";
		};
		63C5177B18BBEFB4006420A4 /* Question Cells */ = {
			isa = PBXGroup;
			children = (
				63C5177F18BC1BAA006420A4 /* downvote-selected@2x.png */,
				63C5178018BC1BAA006420A4 /* downvote@2x.png */,
				63C5178118BC1BAA006420A4 /* upvote-selected@2x.png */,
				63C5178218BC1BAA006420A4 /* upvote@2x.png */,
				63C5175118BADA9C006420A4 /* ACQuestionCell.h */,
				63C5175218BADA9C006420A4 /* ACQuestionCell.m */,
				63C5175418BADAAA006420A4 /* ACQuestionCell.xib */,
				63C5175B18BB100F006420A4 /* ACQuestionDetailCell.h */,
				63C5175C18BB100F006420A4 /* ACQuestionDetailCell.m */,
				63C5175E18BB1023006420A4 /* ACQuestionDetailCell.xib */,
				63C5179018BD7B31006420A4 /* ACAnswerCell.h */,
				63C5179118BD7B31006420A4 /* ACAnswerCell.m */,
				63C5179318BD7B3E006420A4 /* ACAnswerCell.xib */,
			);
			name = "Question Cells";
			sourceTree = "<group>";
		};
		63C5178F18BC30BA006420A4 /* Inbox Controller */ = {
			isa = PBXGroup;
			children = (
				63C5178718BC2DFE006420A4 /* ACInboxController.h */,
				63C5178818BC2DFE006420A4 /* ACInboxController.m */,
				63C5178A18BC30A3006420A4 /* ACInboxCell.h */,
				63C5178B18BC30A3006420A4 /* ACInboxCell.m */,
				63C5178D18BC30B4006420A4 /* ACInboxCell.xib */,
			);
			name = "Inbox Controller";
			sourceTree = "<group>";
		};
/* End PBXGroup section */

/* Begin PBXNativeTarget section */
		6333F46818B7F7CF00DDC490 /* Stex */ = {
			isa = PBXNativeTarget;
			buildConfigurationList = 6333F49E18B7F7CF00DDC490 /* Build configuration list for PBXNativeTarget "Stex" */;
			buildPhases = (
				6333F46518B7F7CF00DDC490 /* Sources */,
				6333F46618B7F7CF00DDC490 /* Frameworks */,
				6333F46718B7F7CF00DDC490 /* Resources */,
			);
			buildRules = (
			);
			dependencies = (
			);
			name = Stex;
			productName = Stex;
			productReference = 6333F46918B7F7CF00DDC490 /* Stex.app */;
			productType = "com.apple.product-type.application";
		};
/* End PBXNativeTarget section */

/* Begin PBXProject section */
		6333F46118B7F7CF00DDC490 /* Project object */ = {
			isa = PBXProject;
			attributes = {
				CLASSPREFIX = AC;
				LastUpgradeCheck = 0500;
				ORGANIZATIONNAME = "A and C Studios";
			};
			buildConfigurationList = 6333F46418B7F7CF00DDC490 /* Build configuration list for PBXProject "Stex" */;
			compatibilityVersion = "Xcode 3.2";
			developmentRegion = English;
			hasScannedForEncodings = 0;
			knownRegions = (
				en,
				Base,
			);
			mainGroup = 6333F46018B7F7CF00DDC490;
			productRefGroup = 6333F46A18B7F7CF00DDC490 /* Products */;
			projectDirPath = "";
			projectRoot = "";
			targets = (
				6333F46818B7F7CF00DDC490 /* Stex */,
			);
		};
/* End PBXProject section */

/* Begin PBXResourcesBuildPhase section */
		6333F46718B7F7CF00DDC490 /* Resources */ = {
			isa = PBXResourcesBuildPhase;
			buildActionMask = 2147483647;
			files = (
				637954FF18E863990095530B /* ACCommentCell.xib in Resources */,
				6333F4CA18B8108100DDC490 /* Icon@2x.png in Resources */,
				633D395A18B9BB7C001EABFD /* open-slide@2x.png in Resources */,
				63C5178618BC1BAA006420A4 /* upvote@2x.png in Resources */,
				6333F48318B7F7CF00DDC490 /* Main_iPad.storyboard in Resources */,
				63C5175518BADAAA006420A4 /* ACQuestionCell.xib in Resources */,
				6333F4C418B8108100DDC490 /* Icon-76@2x.png in Resources */,
				6333F4C318B8108100DDC490 /* Icon-76.png in Resources */,
				6333F4C218B8108100DDC490 /* Icon-512@2x.png in Resources */,
				63C5178518BC1BAA006420A4 /* upvote-selected@2x.png in Resources */,
				6333F48818B7F7CF00DDC490 /* Images.xcassets in Resources */,
				6379550118E8775C0095530B /* LICENSE in Resources */,
				633D394E18B8A1EA001EABFD /* LICENSE.txt in Resources */,
				63C5178E18BC30B4006420A4 /* ACInboxCell.xib in Resources */,
				6333F48018B7F7CF00DDC490 /* Main_iPhone.storyboard in Resources */,
				6333F47718B7F7CF00DDC490 /* InfoPlist.strings in Resources */,
				63C5178418BC1BAA006420A4 /* downvote@2x.png in Resources */,
				63C5178318BC1BAA006420A4 /* downvote-selected@2x.png in Resources */,
				63C5175F18BB1023006420A4 /* ACQuestionDetailCell.xib in Resources */,
				63C5179418BD7B3E006420A4 /* ACAnswerCell.xib in Resources */,
				633D395818B9AEDE001EABFD /* ACSiteViewController.xib in Resources */,
			);
			runOnlyForDeploymentPostprocessing = 0;
		};
/* End PBXResourcesBuildPhase section */

/* Begin PBXSourcesBuildPhase section */
		6333F46518B7F7CF00DDC490 /* Sources */ = {
			isa = PBXSourcesBuildPhase;
			buildActionMask = 2147483647;
			files = (
				63C5175918BB0D77006420A4 /* ACQuestionViewController.m in Sources */,
				637954F918E860200095530B /* ACCommentsViewController.m in Sources */,
				63C5175318BADA9C006420A4 /* ACQuestionCell.m in Sources */,
				6333F47D18B7F7CF00DDC490 /* ACAppDelegate.m in Sources */,
				633D395718B9AEDE001EABFD /* ACSiteViewController.m in Sources */,
				6333F48618B7F7CF00DDC490 /* ACSummaryViewController.m in Sources */,
				6333F4CF18B811E600DDC490 /* ACAlertView.m in Sources */,
				63C5179718BD7FD2006420A4 /* ACAnswersViewController.m in Sources */,
				6333F47918B7F7CF00DDC490 /* main.m in Sources */,
				637954FD18E863500095530B /* ACCommentCell.m in Sources */,
				633D394F18B8A1EA001EABFD /* XYPieChart.m in Sources */,
				637954F518E79D6D0095530B /* ACSettingsViewController.m in Sources */,
				63C5177E18BBEFDF006420A4 /* ACTagView.m in Sources */,
				633D395318B9A1AD001EABFD /* ACSlideViewController.m in Sources */,
				636449BB18C551D90059B058 /* ACNotificationController.m in Sources */,
				63A3F54C18BA84CC00D159CF /* ACSiteSlideController.m in Sources */,
				63C5178C18BC30A3006420A4 /* ACInboxCell.m in Sources */,
				6333F4A818B7FA0600DDC490 /* ACLoginController.m in Sources */,
				63C5179218BD7B31006420A4 /* ACAnswerCell.m in Sources */,
				63C5175D18BB100F006420A4 /* ACQuestionDetailCell.m in Sources */,
				63C5178918BC2DFE006420A4 /* ACInboxController.m in Sources */,
				636449B718C40D0A0059B058 /* ACUserImageView.m in Sources */,
			);
			runOnlyForDeploymentPostprocessing = 0;
		};
/* End PBXSourcesBuildPhase section */

/* Begin PBXVariantGroup section */
		6333F47518B7F7CF00DDC490 /* InfoPlist.strings */ = {
			isa = PBXVariantGroup;
			children = (
				6333F47618B7F7CF00DDC490 /* en */,
			);
			name = InfoPlist.strings;
			sourceTree = "<group>";
		};
		6333F47E18B7F7CF00DDC490 /* Main_iPhone.storyboard */ = {
			isa = PBXVariantGroup;
			children = (
				6333F47F18B7F7CF00DDC490 /* Base */,
			);
			name = Main_iPhone.storyboard;
			sourceTree = "<group>";
		};
		6333F48118B7F7CF00DDC490 /* Main_iPad.storyboard */ = {
			isa = PBXVariantGroup;
			children = (
				6333F48218B7F7CF00DDC490 /* Base */,
			);
			name = Main_iPad.storyboard;
			sourceTree = "<group>";
		};
/* End PBXVariantGroup section */

/* Begin XCBuildConfiguration section */
		6333F49C18B7F7CF00DDC490 /* Debug */ = {
			isa = XCBuildConfiguration;
			buildSettings = {
				ALWAYS_SEARCH_USER_PATHS = NO;
				ARCHS = "$(ARCHS_STANDARD_INCLUDING_64_BIT)";
				CLANG_CXX_LANGUAGE_STANDARD = "gnu++0x";
				CLANG_CXX_LIBRARY = "libc++";
				CLANG_ENABLE_MODULES = YES;
				CLANG_ENABLE_OBJC_ARC = YES;
				CLANG_WARN_BOOL_CONVERSION = YES;
				CLANG_WARN_CONSTANT_CONVERSION = YES;
				CLANG_WARN_DIRECT_OBJC_ISA_USAGE = YES_ERROR;
				CLANG_WARN_EMPTY_BODY = YES;
				CLANG_WARN_ENUM_CONVERSION = YES;
				CLANG_WARN_INT_CONVERSION = YES;
				CLANG_WARN_OBJC_ROOT_CLASS = YES_ERROR;
				CLANG_WARN__DUPLICATE_METHOD_MATCH = YES;
				"CODE_SIGN_IDENTITY[sdk=iphoneos*]" = "iPhone Developer";
				COPY_PHASE_STRIP = NO;
				GCC_C_LANGUAGE_STANDARD = gnu99;
				GCC_DYNAMIC_NO_PIC = NO;
				GCC_OPTIMIZATION_LEVEL = 0;
				GCC_PREPROCESSOR_DEFINITIONS = (
					"DEBUG=1",
					"$(inherited)",
				);
				GCC_SYMBOLS_PRIVATE_EXTERN = NO;
				GCC_WARN_64_TO_32_BIT_CONVERSION = YES;
				GCC_WARN_ABOUT_RETURN_TYPE = YES_ERROR;
				GCC_WARN_UNDECLARED_SELECTOR = YES;
				GCC_WARN_UNINITIALIZED_AUTOS = YES;
				GCC_WARN_UNUSED_FUNCTION = YES;
				GCC_WARN_UNUSED_VARIABLE = YES;
				IPHONEOS_DEPLOYMENT_TARGET = 7.0;
				ONLY_ACTIVE_ARCH = YES;
				SDKROOT = iphoneos;
				TARGETED_DEVICE_FAMILY = "1,2";
			};
			name = Debug;
		};
		6333F49D18B7F7CF00DDC490 /* Release */ = {
			isa = XCBuildConfiguration;
			buildSettings = {
				ALWAYS_SEARCH_USER_PATHS = NO;
				ARCHS = "$(ARCHS_STANDARD_INCLUDING_64_BIT)";
				CLANG_CXX_LANGUAGE_STANDARD = "gnu++0x";
				CLANG_CXX_LIBRARY = "libc++";
				CLANG_ENABLE_MODULES = YES;
				CLANG_ENABLE_OBJC_ARC = YES;
				CLANG_WARN_BOOL_CONVERSION = YES;
				CLANG_WARN_CONSTANT_CONVERSION = YES;
				CLANG_WARN_DIRECT_OBJC_ISA_USAGE = YES_ERROR;
				CLANG_WARN_EMPTY_BODY = YES;
				CLANG_WARN_ENUM_CONVERSION = YES;
				CLANG_WARN_INT_CONVERSION = YES;
				CLANG_WARN_OBJC_ROOT_CLASS = YES_ERROR;
				CLANG_WARN__DUPLICATE_METHOD_MATCH = YES;
				"CODE_SIGN_IDENTITY[sdk=iphoneos*]" = "iPhone Developer";
				COPY_PHASE_STRIP = YES;
				ENABLE_NS_ASSERTIONS = NO;
				GCC_C_LANGUAGE_STANDARD = gnu99;
				GCC_WARN_64_TO_32_BIT_CONVERSION = YES;
				GCC_WARN_ABOUT_RETURN_TYPE = YES_ERROR;
				GCC_WARN_UNDECLARED_SELECTOR = YES;
				GCC_WARN_UNINITIALIZED_AUTOS = YES;
				GCC_WARN_UNUSED_FUNCTION = YES;
				GCC_WARN_UNUSED_VARIABLE = YES;
				IPHONEOS_DEPLOYMENT_TARGET = 7.0;
				SDKROOT = iphoneos;
				TARGETED_DEVICE_FAMILY = "1,2";
				VALIDATE_PRODUCT = YES;
			};
			name = Release;
		};
		6333F49F18B7F7CF00DDC490 /* Debug */ = {
			isa = XCBuildConfiguration;
			buildSettings = {
				ASSETCATALOG_COMPILER_APPICON_NAME = AppIcon;
				ASSETCATALOG_COMPILER_LAUNCHIMAGE_NAME = LaunchImage;
				CLANG_CXX_LANGUAGE_STANDARD = "c++0x";
				GCC_PRECOMPILE_PREFIX_HEADER = YES;
				GCC_PREFIX_HEADER = "Stex/Stex-Prefix.pch";
				INFOPLIST_FILE = "Stex/Stex-Info.plist";
				LIBRARY_SEARCH_PATHS = (
					"$(inherited)",
					/Users/macuser/Projects/Stex,
				);
				OTHER_LDFLAGS = "-ObjC";
				PRODUCT_NAME = "$(TARGET_NAME)";
				WRAPPER_EXTENSION = app;
			};
			name = Debug;
		};
		6333F4A018B7F7CF00DDC490 /* Release */ = {
			isa = XCBuildConfiguration;
			buildSettings = {
				ASSETCATALOG_COMPILER_APPICON_NAME = AppIcon;
				ASSETCATALOG_COMPILER_LAUNCHIMAGE_NAME = LaunchImage;
				CLANG_CXX_LANGUAGE_STANDARD = "c++0x";
				GCC_PRECOMPILE_PREFIX_HEADER = YES;
				GCC_PREFIX_HEADER = "Stex/Stex-Prefix.pch";
				INFOPLIST_FILE = "Stex/Stex-Info.plist";
				LIBRARY_SEARCH_PATHS = (
					"$(inherited)",
					/Users/macuser/Projects/Stex,
				);
				OTHER_LDFLAGS = "-ObjC";
				PRODUCT_NAME = "$(TARGET_NAME)";
				WRAPPER_EXTENSION = app;
			};
			name = Release;
		};
/* End XCBuildConfiguration section */

/* Begin XCConfigurationList section */
		6333F46418B7F7CF00DDC490 /* Build configuration list for PBXProject "Stex" */ = {
			isa = XCConfigurationList;
			buildConfigurations = (
				6333F49C18B7F7CF00DDC490 /* Debug */,
				6333F49D18B7F7CF00DDC490 /* Release */,
			);
			defaultConfigurationIsVisible = 0;
			defaultConfigurationName = Release;
		};
		6333F49E18B7F7CF00DDC490 /* Build configuration list for PBXNativeTarget "Stex" */ = {
			isa = XCConfigurationList;
			buildConfigurations = (
				6333F49F18B7F7CF00DDC490 /* Debug */,
				6333F4A018B7F7CF00DDC490 /* Release */,
			);
			defaultConfigurationIsVisible = 0;
			defaultConfigurationName = Release;
		};
/* End XCConfigurationList section */
	};
	rootObject = 6333F46118B7F7CF00DDC490 /* Project object */;
}
